{
  "originHash" : "521362b8c3495ada0471a4b86e497b8c5bfc246c55d681115f2907e284716818",
  "pins" : [
    {
      "identity" : "cbor",
      "kind" : "remoteSourceControl",
      "location" : "https://github.com/edgeengineer/cbor",
      "state" : {
        "revision" : "a64323cc11eb8b4d7005dfd2feadacfd5f59f547",
        "version" : "0.0.6"
      }
    },
    {
      "identity" : "swift-asn1",
      "kind" : "remoteSourceControl",
      "location" : "https://github.com/apple/swift-asn1.git",
      "state" : {
        "revision" : "eb50cbd14606a9161cbc5d452f18797c90ef0bab",
        "version" : "1.7.0"
      }
    },
    {
      "identity" : "swift-certificates",
      "kind" : "remoteSourceControl",
      "location" : "https://github.com/apple/swift-certificates",
      "state" : {
        "revision" : "bde8ca32a096825dfce37467137c903418c1893d",
        "version" : "1.19.1"
      }
    },
    {
      "identity" : "swift-crypto",
      "kind" : "remoteSourceControl",
      "location" : "https://github.com/apple/swift-crypto.git",
      "state" : {
        "revision" : "1b6b2e274e85105bfa155183145a1dcfd63331f1",
        "version" : "4.5.0"
      }
    }
  ],
  "version" : 3
}
