{
  "originHash" : "85a55f90dafddae54d20b6e16bc16ea8221ff6022eb5f8fc136adb1f25535476",
  "pins" : [
    {
      "identity" : "swift-asn1",
      "kind" : "remoteSourceControl",
      "location" : "https://github.com/apple/swift-asn1.git",
      "state" : {
        "revision" : "eb50cbd14606a9161cbc5d452f18797c90ef0bab",
        "version" : "1.7.0"
      }
    },
    {
      "identity" : "swift-cbor",
      "kind" : "remoteSourceControl",
      "location" : "https://github.com/brokenhandsio/swift-cbor",
      "state" : {
        "revision" : "52432a1118bcbabb9a973330c3af85d8ddf3f015",
        "version" : "0.2.0"
      }
    },
    {
      "identity" : "swift-certificates",
      "kind" : "remoteSourceControl",
      "location" : "https://github.com/apple/swift-certificates",
      "state" : {
        "revision" : "ff86b924ead66f853b8baf91f3c41926a8f36177",
        "version" : "1.21.0"
      }
    },
    {
      "identity" : "swift-crypto",
      "kind" : "remoteSourceControl",
      "location" : "https://github.com/apple/swift-crypto.git",
      "state" : {
        "revision" : "1b6b2e274e85105bfa155183145a1dcfd63331f1",
        "version" : "4.5.0"
      }
    }
  ],
  "version" : 3
}
