{
  "originHash" : "ba8dc9e479aa429f00c2db14f0c9aebdb57b4d24c1f437bb9e2076c49d856ff8",
  "pins" : [
    {
      "identity" : "swift-http-types",
      "kind" : "remoteSourceControl",
      "location" : "https://github.com/apple/swift-http-types",
      "state" : {
        "revision" : "ae67c8178eb46944fd85e4dc6dd970e1f3ed6ccd",
        "version" : "1.3.0"
      }
    }
  ],
  "version" : 3
}
